// !$*UTF8*$!
{
	archiveVersion = 1;
	classes = {
	};
	objectVersion = 50;
	objects = {

/* Begin PBXBuildFile section */
		D0F798402849FC55008425DD /* AppDelegate.swift in Sources */ = {isa = PBXBuildFile; fileRef = D0F7983F2849FC55008425DD /* AppDelegate.swift */; };
		D0F798422849FC55008425DD /* ViewController.swift in Sources */ = {isa = PBXBuildFile; fileRef = D0F798412849FC55008425DD /* ViewController.swift */; };
		D0F798452849FC55008425DD /* Main.storyboard in Resources */ = {isa = PBXBuildFile; fileRef = D0F798432849FC55008425DD /* Main.storyboard */; };
		D0F798472849FC67008425DD /* Assets.xcassets in Resources */ = {isa = PBXBuildFile; fileRef = D0F798462849FC67008425DD /* Assets.xcassets */; };
		D0F7984A2849FC67008425DD /* LaunchScreen.storyboard in Resources */ = {isa = PBXBuildFile; fileRef = D0F798482849FC67008425DD /* LaunchScreen.storyboard */; };
		D0F798552849FC68008425DD /* DemoTests.swift in Sources */ = {isa = PBXBuildFile; fileRef = D0F798542849FC68008425DD /* DemoTests.swift */; };
		D0F798602849FC68008425DD /* DemoUITests.swift in Sources */ = {isa = PBXBuildFile; fileRef = D0F7985F2849FC68008425DD /* DemoUITests.swift */; };
/* End PBXBuildFile section */

/* Begin PBXContainerItemProxy section */
		D0F798512849FC68008425DD /* PBXContainerItemProxy */ = {
			isa = PBXContainerItemProxy;
			containerPortal = D0F798342849FC54008425DD /* Project object */;
			proxyType = 1;
			remoteGlobalIDString = D0F7983B2849FC55008425DD;
			remoteInfo = Demo;
		};
		D0F7985C2849FC68008425DD /* PBXContainerItemProxy */ = {
			isa = PBXContainerItemProxy;
			containerPortal = D0F798342849FC54008425DD /* Project object */;
			proxyType = 1;
			remoteGlobalIDString = D0F7983B2849FC55008425DD;
			remoteInfo = Demo;
		};
/* End PBXContainerItemProxy section */

/* Begin PBXFileReference section */
		D0F7983C2849FC55008425DD /* Demo.app */ = {isa = PBXFileReference; explicitFileType = wrapper.application; includeInIndex = 0; path = Demo.app; sourceTree = BUILT_PRODUCTS_DIR; };
		D0F7983F2849FC55008425DD /* AppDelegate.swift */ = {isa = PBXFileReference; lastKnownFileType = sourcecode.swift; path = AppDelegate.swift; sourceTree = "<group>"; };
		D0F798412849FC55008425DD /* ViewController.swift */ = {isa = PBXFileReference; lastKnownFileType = sourcecode.swift; path = ViewController.swift; sourceTree = "<group>"; };
		D0F798442849FC55008425DD /* Base */ = {isa = PBXFileReference; lastKnownFileType = file.storyboard; name = Base; path = Base.lproj/Main.storyboard; sourceTree = "<group>"; };
		D0F798462849FC67008425DD /* Assets.xcassets */ = {isa = PBXFileReference; lastKnownFileType = folder.assetcatalog; path = Assets.xcassets; sourceTree = "<group>"; };
		D0F798492849FC67008425DD /* Base */ = {isa = PBXFileReference; lastKnownFileType = file.storyboard; name = Base; path = Base.lproj/LaunchScreen.storyboard; sourceTree = "<group>"; };
		D0F7984B2849FC67008425DD /* Info.plist */ = {isa = PBXFileReference; lastKnownFileType = text.plist.xml; path = Info.plist; sourceTree = "<group>"; };
		D0F798502849FC68008425DD /* DemoTests.xctest */ = {isa = PBXFileReference; explicitFileType = wrapper.cfbundle; includeInIndex = 0; path = DemoTests.xctest; sourceTree = BUILT_PRODUCTS_DIR; };
		D0F798542849FC68008425DD /* DemoTests.swift */ = {isa = PBXFileReference; lastKnownFileType = sourcecode.swift; path = DemoTests.swift; sourceTree = "<group>"; };
		D0F798562849FC68008425DD /* Info.plist */ = {isa = PBXFileReference; lastKnownFileType = text.plist.xml; path = Info.plist; sourceTree = "<group>"; };
		D0F7985B2849FC68008425DD /* DemoUITests.xctest */ = {isa = PBXFileReference; explicitFileType = wrapper.cfbundle; includeInIndex = 0; path = DemoUITests.xctest; sourceTree = BUILT_PRODUCTS_DIR; };
		D0F7985F2849FC68008425DD /* DemoUITests.swift */ = {isa = PBXFileReference; lastKnownFileType = sourcecode.swift; path = DemoUITests.swift; sourceTree = "<group>"; };
		D0F798612849FC68008425DD /* Info.plist */ = {isa = PBXFileReference; lastKnownFileType = text.plist.xml; path = Info.plist; sourceTree = "<group>"; };
/* End PBXFileReference section */

/* Begin PBXFrameworksBuildPhase section */
		D0F798392849FC55008425DD /* Frameworks */ = {
			isa = PBXFrameworksBuildPhase;
			buildActionMask = 2147483647;
			files = (
			);
			runOnlyForDeploymentPostprocessing = 0;
		};
		D0F7984D2849FC68008425DD /* Frameworks */ = {
			isa = PBXFrameworksBuildPhase;
			buildActionMask = 2147483647;
			files = (
			);
			runOnlyForDeploymentPostprocessing = 0;
		};
		D0F798582849FC68008425DD /* Frameworks */ = {
			isa = PBXFrameworksBuildPhase;
			buildActionMask = 2147483647;
			files = (
			);
			runOnlyForDeploymentPostprocessing = 0;
		};
/* End PBXFrameworksBuildPhase section */

/* Begin PBXGroup section */
		D0F798332849FC54008425DD = {
			isa = PBXGroup;
			children = (
				D0F7983E2849FC55008425DD /* Demo */,
				D0F798532849FC68008425DD /* DemoTests */,
				D0F7985E2849FC68008425DD /* DemoUITests */,
				D0F7983D2849FC55008425DD /* Products */,
			);
			sourceTree = "<group>";
		};
		D0F7983D2849FC55008425DD /* Products */ = {
			isa = PBXGroup;
			children = (
				D0F7983C2849FC55008425DD /* Demo.app */,
				D0F798502849FC68008425DD /* DemoTests.xctest */,
				D0F7985B2849FC68008425DD /* DemoUITests.xctest */,
			);
			name = Products;
			sourceTree = "<group>";
		};
		D0F7983E2849FC55008425DD /* Demo */ = {
			isa = PBXGroup;
			children = (
				D0F7983F2849FC55008425DD /* AppDelegate.swift */,
				D0F798412849FC55008425DD /* ViewController.swift */,
				D0F798432849FC55008425DD /* Main.storyboard */,
				D0F798462849FC67008425DD /* Assets.xcassets */,
				D0F798482849FC67008425DD /* LaunchScreen.storyboard */,
				D0F7984B2849FC67008425DD /* Info.plist */,
			);
			path = Demo;
			sourceTree = "<group>";
		};
		D0F798532849FC68008425DD /* DemoTests */ = {
			isa = PBXGroup;
			children = (
				D0F798542849FC68008425DD /* DemoTests.swift */,
				D0F798562849FC68008425DD /* Info.plist */,
			);
			path = DemoTests;
			sourceTree = "<group>";
		};
		D0F7985E2849FC68008425DD /* DemoUITests */ = {
			isa = PBXGroup;
			children = (
				D0F7985F2849FC68008425DD /* DemoUITests.swift */,
				D0F798612849FC68008425DD /* Info.plist */,
			);
			path = DemoUITests;
			sourceTree = "<group>";
		};
/* End PBXGroup section */

/* Begin PBXNativeTarget section */
		D0F7983B2849FC55008425DD /* Demo */ = {
			isa = PBXNativeTarget;
			buildConfigurationList = D0F798642849FC68008425DD /* Build configuration list for PBXNativeTarget "Demo" */;
			buildPhases = (
				D0F798382849FC55008425DD /* Sources */,
				D0F798392849FC55008425DD /* Frameworks */,
				D0F7983A2849FC55008425DD /* Resources */,
			);
			buildRules = (
			);
			dependencies = (
			);
			name = Demo;
			productName = Demo;
			productReference = D0F7983C2849FC55008425DD /* Demo.app */;
			productType = "com.apple.product-type.application";
		};
		D0F7984F2849FC68008425DD /* DemoTests */ = {
			isa = PBXNativeTarget;
			buildConfigurationList = D0F798672849FC68008425DD /* Build configuration list for PBXNativeTarget "DemoTests" */;
			buildPhases = (
				D0F7984C2849FC68008425DD /* Sources */,
				D0F7984D2849FC68008425DD /* Frameworks */,
				D0F7984E2849FC68008425DD /* Resources */,
			);
			buildRules = (
			);
			dependencies = (
				D0F798522849FC68008425DD /* PBXTargetDependency */,
			);
			name = DemoTests;
			productName = DemoTests;
			productReference = D0F798502849FC68008425DD /* DemoTests.xctest */;
			productType = "com.apple.product-type.bundle.unit-test";
		};
		D0F7985A2849FC68008425DD /* DemoUITests */ = {
			isa = PBXNativeTarget;
			buildConfigurationList = D0F7986A2849FC68008425DD /* Build configuration list for PBXNativeTarget "DemoUITests" */;
			buildPhases = (
				D0F798572849FC68008425DD /* Sources */,
				D0F798582849FC68008425DD /* Frameworks */,
				D0F798592849FC68008425DD /* Resources */,
			);
			buildRules = (
			);
			dependencies = (
				D0F7985D2849FC68008425DD /* PBXTargetDependency */,
			);
			name = DemoUITests;
			productName = DemoUITests;
			productReference = D0F7985B2849FC68008425DD /* DemoUITests.xctest */;
			productType = "com.apple.product-type.bundle.ui-testing";
		};
/* End PBXNativeTarget section */

/* Begin PBXProject section */
		D0F798342849FC54008425DD /* Project object */ = {
			isa = PBXProject;
			attributes = {
				LastSwiftUpdateCheck = 1010;
				LastUpgradeCheck = 1010;
				ORGANIZATIONNAME = "Sandeep Kesarwani";
				TargetAttributes = {
					D0F7983B2849FC55008425DD = {
						CreatedOnToolsVersion = 10.1;
					};
					D0F7984F2849FC68008425DD = {
						CreatedOnToolsVersion = 10.1;
						TestTargetID = D0F7983B2849FC55008425DD;
					};
					D0F7985A2849FC68008425DD = {
						CreatedOnToolsVersion = 10.1;
						TestTargetID = D0F7983B2849FC55008425DD;
					};
				};
			};
			buildConfigurationList = D0F798372849FC54008425DD /* Build configuration list for PBXProject "Demo" */;
			compatibilityVersion = "Xcode 9.3";
			developmentRegion = en;
			hasScannedForEncodings = 0;
			knownRegions = (
				en,
				Base,
			);
			mainGroup = D0F798332849FC54008425DD;
			productRefGroup = D0F7983D2849FC55008425DD /* Products */;
			projectDirPath = "";
			projectRoot = "";
			targets = (
				D0F7983B2849FC55008425DD /* Demo */,
				D0F7984F2849FC68008425DD /* DemoTests */,
				D0F7985A2849FC68008425DD /* DemoUITests */,
			);
		};
/* End PBXProject section */

/* Begin PBXResourcesBuildPhase section */
		D0F7983A2849FC55008425DD /* Resources */ = {
			isa = PBXResourcesBuildPhase;
			buildActionMask = 2147483647;
			files = (
				D0F7984A2849FC67008425DD /* LaunchScreen.storyboard in Resources */,
				D0F798472849FC67008425DD /* Assets.xcassets in Resources */,
				D0F798452849FC55008425DD /* Main.storyboard in Resources */,
			);
			runOnlyForDeploymentPostprocessing = 0;
		};
		D0F7984E2849FC68008425DD /* Resources */ = {
			isa = PBXResourcesBuildPhase;
			buildActionMask = 2147483647;
			files = (
			);
			runOnlyForDeploymentPostprocessing = 0;
		};
		D0F798592849FC68008425DD /* Resources */ = {
			isa = PBXResourcesBuildPhase;
			buildActionMask = 2147483647;
			files = (
			);
			runOnlyForDeploymentPostprocessing = 0;
		};
/* End PBXResourcesBuildPhase section */

/* Begin PBXSourcesBuildPhase section */
		D0F798382849FC55008425DD /* Sources */ = {
			isa = PBXSourcesBuildPhase;
			buildActionMask = 2147483647;
			files = (
				D0F798422849FC55008425DD /* ViewController.swift in Sources */,
				D0F798402849FC55008425DD /* AppDelegate.swift in Sources */,
			);
			runOnlyForDeploymentPostprocessing = 0;
		};
		D0F7984C2849FC68008425DD /* Sources */ = {
			isa = PBXSourcesBuildPhase;
			buildActionMask = 2147483647;
			files = (
				D0F798552849FC68008425DD /* DemoTests.swift in Sources */,
			);
			runOnlyForDeploymentPostprocessing = 0;
		};
		D0F798572849FC68008425DD /* Sources */ = {
			isa = PBXSourcesBuildPhase;
			buildActionMask = 2147483647;
			files = (
				D0F798602849FC68008425DD /* DemoUITests.swift in Sources */,
			);
			runOnlyForDeploymentPostprocessing = 0;
		};
/* End PBXSourcesBuildPhase section */

/* Begin PBXTargetDependency section */
		D0F798522849FC68008425DD /* PBXTargetDependency */ = {
			isa = PBXTargetDependency;
			target = D0F7983B2849FC55008425DD /* Demo */;
			targetProxy = D0F798512849FC68008425DD /* PBXContainerItemProxy */;
		};
		D0F7985D2849FC68008425DD /* PBXTargetDependency */ = {
			isa = PBXTargetDependency;
			target = D0F7983B2849FC55008425DD /* Demo */;
			targetProxy = D0F7985C2849FC68008425DD /* PBXContainerItemProxy */;
		};
/* End PBXTargetDependency section */

/* Begin PBXVariantGroup section */
		D0F798432849FC55008425DD /* Main.storyboard */ = {
			isa = PBXVariantGroup;
			children = (
				D0F798442849FC55008425DD /* Base */,
			);
			name = Main.storyboard;
			sourceTree = "<group>";
		};
		D0F798482849FC67008425DD /* LaunchScreen.storyboard */ = {
			isa = PBXVariantGroup;
			children = (
				D0F798492849FC67008425DD /* Base */,
			);
			name = LaunchScreen.storyboard;
			sourceTree = "<group>";
		};
/* End PBXVariantGroup section */

/* Begin XCBuildConfiguration section */
		D0F798622849FC68008425DD /* Debug */ = {
			isa = XCBuildConfiguration;
			buildSettings = {
				ALWAYS_SEARCH_USER_PATHS = NO;
				CLANG_ANALYZER_NONNULL = YES;
				CLANG_ANALYZER_NUMBER_OBJECT_CONVERSION = YES_AGGRESSIVE;
				CLANG_CXX_LANGUAGE_STANDARD = "gnu++14";
				CLANG_CXX_LIBRARY = "libc++";
				CLANG_ENABLE_MODULES = YES;
				CLANG_ENABLE_OBJC_ARC = YES;
				CLANG_ENABLE_OBJC_WEAK = YES;
				CLANG_WARN_BLOCK_CAPTURE_AUTORELEASING = YES;
				CLANG_WARN_BOOL_CONVERSION = YES;
				CLANG_WARN_COMMA = YES;
				CLANG_WARN_CONSTANT_CONVERSION = YES;
				CLANG_WARN_DEPRECATED_OBJC_IMPLEMENTATIONS = YES;
				CLANG_WARN_DIRECT_OBJC_ISA_USAGE = YES_ERROR;
				CLANG_WARN_DOCUMENTATION_COMMENTS = YES;
				CLANG_WARN_EMPTY_BODY = YES;
				CLANG_WARN_ENUM_CONVERSION = YES;
				CLANG_WARN_INFINITE_RECURSION = YES;
				CLANG_WARN_INT_CONVERSION = YES;
				CLANG_WARN_NON_LITERAL_NULL_CONVERSION = YES;
				CLANG_WARN_OBJC_IMPLICIT_RETAIN_SELF = YES;
				CLANG_WARN_OBJC_LITERAL_CONVERSION = YES;
				CLANG_WARN_OBJC_ROOT_CLASS = YES_ERROR;
				CLANG_WARN_RANGE_LOOP_ANALYSIS = YES;
				CLANG_WARN_STRICT_PROTOTYPES = YES;
				CLANG_WARN_SUSPICIOUS_MOVE = YES;
				CLANG_WARN_UNGUARDED_AVAILABILITY = YES_AGGRESSIVE;
				CLANG_WARN_UNREACHABLE_CODE = YES;
				CLANG_WARN__DUPLICATE_METHOD_MATCH = YES;
				CODE_SIGN_IDENTITY = "iPhone Developer";
				COPY_PHASE_STRIP = NO;
				DEBUG_INFORMATION_FORMAT = dwarf;
				ENABLE_STRICT_OBJC_MSGSEND = YES;
				ENABLE_TESTABILITY = YES;
				GCC_C_LANGUAGE_STANDARD = gnu11;
				GCC_DYNAMIC_NO_PIC = NO;
				GCC_NO_COMMON_BLOCKS = YES;
				GCC_OPTIMIZATION_LEVEL = 0;
				GCC_PREPROCESSOR_DEFINITIONS = (
					"DEBUG=1",
					"$(inherited)",
				);
				GCC_WARN_64_TO_32_BIT_CONVERSION = YES;
				GCC_WARN_ABOUT_RETURN_TYPE = YES_ERROR;
				GCC_WARN_UNDECLARED_SELECTOR = YES;
				GCC_WARN_UNINITIALIZED_AUTOS = YES_AGGRESSIVE;
				GCC_WARN_UNUSED_FUNCTION = YES;
				GCC_WARN_UNUSED_VARIABLE = YES;
				IPHONEOS_DEPLOYMENT_TARGET = 12.1;
				MTL_ENABLE_DEBUG_INFO = INCLUDE_SOURCE;
				MTL_FAST_MATH = YES;
				ONLY_ACTIVE_ARCH = YES;
				SDKROOT = iphoneos;
				SWIFT_ACTIVE_COMPILATION_CONDITIONS = DEBUG;
				SWIFT_OPTIMIZATION_LEVEL = "-Onone";
			};
			name = Debug;
		};
		D0F798632849FC68008425DD /* Release */ = {
			isa = XCBuildConfiguration;
			buildSettings = {
				ALWAYS_SEARCH_USER_PATHS = NO;
				CLANG_ANALYZER_NONNULL = YES;
				CLANG_ANALYZER_NUMBER_OBJECT_CONVERSION = YES_AGGRESSIVE;
				CLANG_CXX_LANGUAGE_STANDARD = "gnu++14";
				CLANG_CXX_LIBRARY = "libc++";
				CLANG_ENABLE_MODULES = YES;
				CLANG_ENABLE_OBJC_ARC = YES;
				CLANG_ENABLE_OBJC_WEAK = YES;
				CLANG_WARN_BLOCK_CAPTURE_AUTORELEASING = YES;
				CLANG_WARN_BOOL_CONVERSION = YES;
				CLANG_WARN_COMMA = YES;
				CLANG_WARN_CONSTANT_CONVERSION = YES;
				CLANG_WARN_DEPRECATED_OBJC_IMPLEMENTATIONS = YES;
				CLANG_WARN_DIRECT_OBJC_ISA_USAGE = YES_ERROR;
				CLANG_WARN_DOCUMENTATION_COMMENTS = YES;
				CLANG_WARN_EMPTY_BODY = YES;
				CLANG_WARN_ENUM_CONVERSION = YES;
				CLANG_WARN_INFINITE_RECURSION = YES;
				CLANG_WARN_INT_CONVERSION = YES;
				CLANG_WARN_NON_LITERAL_NULL_CONVERSION = YES;
				CLANG_WARN_OBJC_IMPLICIT_RETAIN_SELF = YES;
				CLANG_WARN_OBJC_LITERAL_CONVERSION = YES;
				CLANG_WARN_OBJC_ROOT_CLASS = YES_ERROR;
				CLANG_WARN_RANGE_LOOP_ANALYSIS = YES;
				CLANG_WARN_STRICT_PROTOTYPES = YES;
				CLANG_WARN_SUSPICIOUS_MOVE = YES;
				CLANG_WARN_UNGUARDED_AVAILABILITY = YES_AGGRESSIVE;
				CLANG_WARN_UNREACHABLE_CODE = YES;
				CLANG_WARN__DUPLICATE_METHOD_MATCH = YES;
				CODE_SIGN_IDENTITY = "iPhone Developer";
				COPY_PHASE_STRIP = NO;
				DEBUG_INFORMATION_FORMAT = "dwarf-with-dsym";
				ENABLE_NS_ASSERTIONS = NO;
				ENABLE_STRICT_OBJC_MSGSEND = YES;
				GCC_C_LANGUAGE_STANDARD = gnu11;
				GCC_NO_COMMON_BLOCKS = YES;
				GCC_WARN_64_TO_32_BIT_CONVERSION = YES;
				GCC_WARN_ABOUT_RETURN_TYPE = YES_ERROR;
				GCC_WARN_UNDECLARED_SELECTOR = YES;
				GCC_WARN_UNINITIALIZED_AUTOS = YES_AGGRESSIVE;
				GCC_WARN_UNUSED_FUNCTION = YES;
				GCC_WARN_UNUSED_VARIABLE = YES;
				IPHONEOS_DEPLOYMENT_TARGET = 12.1;
				MTL_ENABLE_DEBUG_INFO = NO;
				MTL_FAST_MATH = YES;
				SDKROOT = iphoneos;
				SWIFT_COMPILATION_MODE = wholemodule;
				SWIFT_OPTIMIZATION_LEVEL = "-O";
				VALIDATE_PRODUCT = YES;
			};
			name = Release;
		};
		D0F798652849FC68008425DD /* Debug */ = {
			isa = XCBuildConfiguration;
			buildSettings = {
				ASSETCATALOG_COMPILER_APPICON_NAME = AppIcon;
				CODE_SIGN_STYLE = Automatic;
				INFOPLIST_FILE = Demo/Info.plist;
				LD_RUNPATH_SEARCH_PATHS = (
					"$(inherited)",
					"@executable_path/Frameworks",
				);
				PRODUCT_BUNDLE_IDENTIFIER = com.primeitzen.Demo;
				PRODUCT_NAME = "$(TARGET_NAME)";
				SWIFT_VERSION = 4.2;
				TARGETED_DEVICE_FAMILY = "1,2";
			};
			name = Debug;
		};
		D0F798662849FC68008425DD /* Release */ = {
			isa = XCBuildConfiguration;
			buildSettings = {
				ASSETCATALOG_COMPILER_APPICON_NAME = AppIcon;
				CODE_SIGN_STYLE = Automatic;
				INFOPLIST_FILE = Demo/Info.plist;
				LD_RUNPATH_SEARCH_PATHS = (
					"$(inherited)",
					"@executable_path/Frameworks",
				);
				PRODUCT_BUNDLE_IDENTIFIER = com.primeitzen.Demo;
				PRODUCT_NAME = "$(TARGET_NAME)";
				SWIFT_VERSION = 4.2;
				TARGETED_DEVICE_FAMILY = "1,2";
			};
			name = Release;
		};
		D0F798682849FC68008425DD /* Debug */ = {
			isa = XCBuildConfiguration;
			buildSettings = {
				ALWAYS_EMBED_SWIFT_STANDARD_LIBRARIES = YES;
				BUNDLE_LOADER = "$(TEST_HOST)";
				CODE_SIGN_STYLE = Automatic;
				INFOPLIST_FILE = DemoTests/Info.plist;
				LD_RUNPATH_SEARCH_PATHS = (
					"$(inherited)",
					"@executable_path/Frameworks",
					"@loader_path/Frameworks",
				);
				PRODUCT_BUNDLE_IDENTIFIER = com.primeitzen.DemoTests;
				PRODUCT_NAME = "$(TARGET_NAME)";
				SWIFT_VERSION = 4.2;
				TARGETED_DEVICE_FAMILY = "1,2";
				TEST_HOST = "$(BUILT_PRODUCTS_DIR)/Demo.app/Demo";
			};
			name = Debug;
		};
		D0F798692849FC68008425DD /* Release */ = {
			isa = XCBuildConfiguration;
			buildSettings = {
				ALWAYS_EMBED_SWIFT_STANDARD_LIBRARIES = YES;
				BUNDLE_LOADER = "$(TEST_HOST)";
				CODE_SIGN_STYLE = Automatic;
				INFOPLIST_FILE = DemoTests/Info.plist;
				LD_RUNPATH_SEARCH_PATHS = (
					"$(inherited)",
					"@executable_path/Frameworks",
					"@loader_path/Frameworks",
				);
				PRODUCT_BUNDLE_IDENTIFIER = com.primeitzen.DemoTests;
				PRODUCT_NAME = "$(TARGET_NAME)";
				SWIFT_VERSION = 4.2;
				TARGETED_DEVICE_FAMILY = "1,2";
				TEST_HOST = "$(BUILT_PRODUCTS_DIR)/Demo.app/Demo";
			};
			name = Release;
		};
		D0F7986B2849FC68008425DD /* Debug */ = {
			isa = XCBuildConfiguration;
			buildSettings = {
				ALWAYS_EMBED_SWIFT_STANDARD_LIBRARIES = YES;
				CODE_SIGN_STYLE = Automatic;
				INFOPLIST_FILE = DemoUITests/Info.plist;
				LD_RUNPATH_SEARCH_PATHS = (
					"$(inherited)",
					"@executable_path/Frameworks",
					"@loader_path/Frameworks",
				);
				PRODUCT_BUNDLE_IDENTIFIER = com.primeitzen.DemoUITests;
				PRODUCT_NAME = "$(TARGET_NAME)";
				SWIFT_VERSION = 4.2;
				TARGETED_DEVICE_FAMILY = "1,2";
				TEST_TARGET_NAME = Demo;
			};
			name = Debug;
		};
		D0F7986C2849FC68008425DD /* Release */ = {
			isa = XCBuildConfiguration;
			buildSettings = {
				ALWAYS_EMBED_SWIFT_STANDARD_LIBRARIES = YES;
				CODE_SIGN_STYLE = Automatic;
				INFOPLIST_FILE = DemoUITests/Info.plist;
				LD_RUNPATH_SEARCH_PATHS = (
					"$(inherited)",
					"@executable_path/Frameworks",
					"@loader_path/Frameworks",
				);
				PRODUCT_BUNDLE_IDENTIFIER = com.primeitzen.DemoUITests;
				PRODUCT_NAME = "$(TARGET_NAME)";
				SWIFT_VERSION = 4.2;
				TARGETED_DEVICE_FAMILY = "1,2";
				TEST_TARGET_NAME = Demo;
			};
			name = Release;
		};
/* End XCBuildConfiguration section */

/* Begin XCConfigurationList section */
		D0F798372849FC54008425DD /* Build configuration list for PBXProject "Demo" */ = {
			isa = XCConfigurationList;
			buildConfigurations = (
				D0F798622849FC68008425DD /* Debug */,
				D0F798632849FC68008425DD /* Release */,
			);
			defaultConfigurationIsVisible = 0;
			defaultConfigurationName = Release;
		};
		D0F798642849FC68008425DD /* Build configuration list for PBXNativeTarget "Demo" */ = {
			isa = XCConfigurationList;
			buildConfigurations = (
				D0F798652849FC68008425DD /* Debug */,
				D0F798662849FC68008425DD /* Release */,
			);
			defaultConfigurationIsVisible = 0;
			defaultConfigurationName = Release;
		};
		D0F798672849FC68008425DD /* Build configuration list for PBXNativeTarget "DemoTests" */ = {
			isa = XCConfigurationList;
			buildConfigurations = (
				D0F798682849FC68008425DD /* Debug */,
				D0F798692849FC68008425DD /* Release */,
			);
			defaultConfigurationIsVisible = 0;
			defaultConfigurationName = Release;
		};
		D0F7986A2849FC68008425DD /* Build configuration list for PBXNativeTarget "DemoUITests" */ = {
			isa = XCConfigurationList;
			buildConfigurations = (
				D0F7986B2849FC68008425DD /* Debug */,
				D0F7986C2849FC68008425DD /* Release */,
			);
			defaultConfigurationIsVisible = 0;
			defaultConfigurationName = Release;
		};
/* End XCConfigurationList section */
	};
	rootObject = D0F798342849FC54008425DD /* Project object */;
}
